
Microsoft Visual Studio Solution File, Format Version 12.00
# Visual Studio Version 16
VisualStudioVersion = 16.0.30804.86
MinimumVisualStudioVersion = 10.0.40219.1
Project("{8BC9CEB8-8B4A-11D0-8D11-00A0C91BC942}") = "redblacktest", "redblacktest.vcxproj", "{838CA4AB-682F-4CF2-8F6F-0CF5C597E940}"
EndProject
Global
	GlobalSection(SolutionConfigurationPlatforms) = preSolution
		Debug|x64 = Debug|x64
		Debug|x86 = Debug|x86
		Release|x64 = Release|x64
		Release|x86 = Release|x86
	EndGlobalSection
	GlobalSection(ProjectConfigurationPlatforms) = postSolution
		{838CA4AB-682F-4CF2-8F6F-0CF5C597E940}.Debug|x64.ActiveCfg = Debug|x64
		{838CA4AB-682F-4CF2-8F6F-0CF5C597E940}.Debug|x64.Build.0 = Debug|x64
		{838CA4AB-682F-4CF2-8F6F-0CF5C597E940}.Debug|x86.ActiveCfg = Debug|Win32
		{838CA4AB-682F-4CF2-8F6F-0CF5C597E940}.Debug|x86.Build.0 = Debug|Win32
		{838CA4AB-682F-4CF2-8F6F-0CF5C597E940}.Release|x64.ActiveCfg = Release|x64
		{838CA4AB-682F-4CF2-8F6F-0CF5C597E940}.Release|x64.Build.0 = Release|x64
		{838CA4AB-682F-4CF2-8F6F-0CF5C597E940}.Release|x86.ActiveCfg = Release|Win32
		{838CA4AB-682F-4CF2-8F6F-0CF5C597E940}.Release|x86.Build.0 = Release|Win32
	EndGlobalSection
	GlobalSection(SolutionProperties) = preSolution
		HideSolutionNode = FALSE
	EndGlobalSection
	GlobalSection(ExtensibilityGlobals) = postSolution
		SolutionGuid = {88793834-CDF6-4A22-A33B-83C3C857BD32}
	EndGlobalSection
EndGlobal
